// !$*UTF8*$!
{
	archiveVersion = 1;
	classes = {
	};
	objectVersion = 56;
	objects = {

/* Begin PBXBuildFile section */
		2F352C832C57419F00BA5E94 /* DebounceExampleView.swift in Sources */ = {isa = PBXBuildFile; fileRef = 2F352C822C57419F00BA5E94 /* DebounceExampleView.swift */; };
		2FDBD3602C5E32D300F14660 /* DebounceExampleTests.swift in Sources */ = {isa = PBXBuildFile; fileRef = 2FDBD35F2C5E32D300F14660 /* DebounceExampleTests.swift */; };
		2FDEF4E32C5B473D000A18E9 /* Operator.swift in Sources */ = {isa = PBXBuildFile; fileRef = 2FDEF4E22C5B473D000A18E9 /* Operator.swift */; };
		2FF3A4632C56B3C800A6095F /* DebounceExampleApp.swift in Sources */ = {isa = PBXBuildFile; fileRef = 2FF3A4622C56B3C800A6095F /* DebounceExampleApp.swift */; };
		2FF3A4672C56B3C900A6095F /* Assets.xcassets in Resources */ = {isa = PBXBuildFile; fileRef = 2FF3A4662C56B3C900A6095F /* Assets.xcassets */; };
		2FF3A46A2C56B3C900A6095F /* Preview Assets.xcassets in Resources */ = {isa = PBXBuildFile; fileRef = 2FF3A4692C56B3C900A6095F /* Preview Assets.xcassets */; };
/* End PBXBuildFile section */

/* Begin PBXContainerItemProxy section */
		2FDBD3612C5E32D300F14660 /* PBXContainerItemProxy */ = {
			isa = PBXContainerItemProxy;
			containerPortal = 2FF3A4572C56B3C800A6095F /* Project object */;
			proxyType = 1;
			remoteGlobalIDString = 2FF3A45E2C56B3C800A6095F;
			remoteInfo = DebounceExample;
		};
/* End PBXContainerItemProxy section */

/* Begin PBXFileReference section */
		2F352C822C57419F00BA5E94 /* DebounceExampleView.swift */ = {isa = PBXFileReference; lastKnownFileType = sourcecode.swift; path = DebounceExampleView.swift; sourceTree = "<group>"; };
		2FDBD35D2C5E32D300F14660 /* DebounceExampleTests.xctest */ = {isa = PBXFileReference; explicitFileType = wrapper.cfbundle; includeInIndex = 0; path = DebounceExampleTests.xctest; sourceTree = BUILT_PRODUCTS_DIR; };
		2FDBD35F2C5E32D300F14660 /* DebounceExampleTests.swift */ = {isa = PBXFileReference; lastKnownFileType = sourcecode.swift; path = DebounceExampleTests.swift; sourceTree = "<group>"; };
		2FDEF4E22C5B473D000A18E9 /* Operator.swift */ = {isa = PBXFileReference; lastKnownFileType = sourcecode.swift; path = Operator.swift; sourceTree = "<group>"; };
		2FF3A45F2C56B3C800A6095F /* DebounceExample.app */ = {isa = PBXFileReference; explicitFileType = wrapper.application; includeInIndex = 0; path = DebounceExample.app; sourceTree = BUILT_PRODUCTS_DIR; };
		2FF3A4622C56B3C800A6095F /* DebounceExampleApp.swift */ = {isa = PBXFileReference; lastKnownFileType = sourcecode.swift; path = DebounceExampleApp.swift; sourceTree = "<group>"; };
		2FF3A4662C56B3C900A6095F /* Assets.xcassets */ = {isa = PBXFileReference; lastKnownFileType = folder.assetcatalog; path = Assets.xcassets; sourceTree = "<group>"; };
		2FF3A4692C56B3C900A6095F /* Preview Assets.xcassets */ = {isa = PBXFileReference; lastKnownFileType = folder.assetcatalog; path = "Preview Assets.xcassets"; sourceTree = "<group>"; };
/* End PBXFileReference section */

/* Begin PBXFrameworksBuildPhase section */
		2FDBD35A2C5E32D300F14660 /* Frameworks */ = {
			isa = PBXFrameworksBuildPhase;
			buildActionMask = 2147483647;
			files = (
			);
			runOnlyForDeploymentPostprocessing = 0;
		};
		2FF3A45C2C56B3C800A6095F /* Frameworks */ = {
			isa = PBXFrameworksBuildPhase;
			buildActionMask = 2147483647;
			files = (
			);
			runOnlyForDeploymentPostprocessing = 0;
		};
/* End PBXFrameworksBuildPhase section */

/* Begin PBXGroup section */
		2FDBD35E2C5E32D300F14660 /* DebounceExampleTests */ = {
			isa = PBXGroup;
			children = (
				2FDBD35F2C5E32D300F14660 /* DebounceExampleTests.swift */,
			);
			path = DebounceExampleTests;
			sourceTree = "<group>";
		};
		2FF3A4562C56B3C800A6095F = {
			isa = PBXGroup;
			children = (
				2FF3A4612C56B3C800A6095F /* DebounceExample */,
				2FDBD35E2C5E32D300F14660 /* DebounceExampleTests */,
				2FF3A4602C56B3C800A6095F /* Products */,
			);
			sourceTree = "<group>";
		};
		2FF3A4602C56B3C800A6095F /* Products */ = {
			isa = PBXGroup;
			children = (
				2FF3A45F2C56B3C800A6095F /* DebounceExample.app */,
				2FDBD35D2C5E32D300F14660 /* DebounceExampleTests.xctest */,
			);
			name = Products;
			sourceTree = "<group>";
		};
		2FF3A4612C56B3C800A6095F /* DebounceExample */ = {
			isa = PBXGroup;
			children = (
				2FDEF4E22C5B473D000A18E9 /* Operator.swift */,
				2FF3A4622C56B3C800A6095F /* DebounceExampleApp.swift */,
				2F352C822C57419F00BA5E94 /* DebounceExampleView.swift */,
				2FF3A4662C56B3C900A6095F /* Assets.xcassets */,
				2FF3A4682C56B3C900A6095F /* Preview Content */,
			);
			path = DebounceExample;
			sourceTree = "<group>";
		};
		2FF3A4682C56B3C900A6095F /* Preview Content */ = {
			isa = PBXGroup;
			children = (
				2FF3A4692C56B3C900A6095F /* Preview Assets.xcassets */,
			);
			path = "Preview Content";
			sourceTree = "<group>";
		};
/* End PBXGroup section */

/* Begin PBXNativeTarget section */
		2FDBD35C2C5E32D300F14660 /* DebounceExampleTests */ = {
			isa = PBXNativeTarget;
			buildConfigurationList = 2FDBD3652C5E32D300F14660 /* Build configuration list for PBXNativeTarget "DebounceExampleTests" */;
			buildPhases = (
				2FDBD3592C5E32D300F14660 /* Sources */,
				2FDBD35A2C5E32D300F14660 /* Frameworks */,
				2FDBD35B2C5E32D300F14660 /* Resources */,
			);
			buildRules = (
			);
			dependencies = (
				2FDBD3622C5E32D300F14660 /* PBXTargetDependency */,
			);
			name = DebounceExampleTests;
			productName = DebounceExampleTests;
			productReference = 2FDBD35D2C5E32D300F14660 /* DebounceExampleTests.xctest */;
			productType = "com.apple.product-type.bundle.unit-test";
		};
		2FF3A45E2C56B3C800A6095F /* DebounceExample */ = {
			isa = PBXNativeTarget;
			buildConfigurationList = 2FF3A46D2C56B3C900A6095F /* Build configuration list for PBXNativeTarget "DebounceExample" */;
			buildPhases = (
				2FF3A45B2C56B3C800A6095F /* Sources */,
				2FF3A45C2C56B3C800A6095F /* Frameworks */,
				2FF3A45D2C56B3C800A6095F /* Resources */,
			);
			buildRules = (
			);
			dependencies = (
			);
			name = DebounceExample;
			productName = DebounceExample;
			productReference = 2FF3A45F2C56B3C800A6095F /* DebounceExample.app */;
			productType = "com.apple.product-type.application";
		};
/* End PBXNativeTarget section */

/* Begin PBXProject section */
		2FF3A4572C56B3C800A6095F /* Project object */ = {
			isa = PBXProject;
			attributes = {
				BuildIndependentTargetsInParallel = 1;
				LastSwiftUpdateCheck = 1540;
				LastUpgradeCheck = 1540;
				TargetAttributes = {
					2FDBD35C2C5E32D300F14660 = {
						CreatedOnToolsVersion = 15.4;
						TestTargetID = 2FF3A45E2C56B3C800A6095F;
					};
					2FF3A45E2C56B3C800A6095F = {
						CreatedOnToolsVersion = 15.4;
					};
				};
			};
			buildConfigurationList = 2FF3A45A2C56B3C800A6095F /* Build configuration list for PBXProject "DebounceExample" */;
			compatibilityVersion = "Xcode 14.0";
			developmentRegion = en;
			hasScannedForEncodings = 0;
			knownRegions = (
				en,
				Base,
			);
			mainGroup = 2FF3A4562C56B3C800A6095F;
			productRefGroup = 2FF3A4602C56B3C800A6095F /* Products */;
			projectDirPath = "";
			projectRoot = "";
			targets = (
				2FF3A45E2C56B3C800A6095F /* DebounceExample */,
				2FDBD35C2C5E32D300F14660 /* DebounceExampleTests */,
			);
		};
/* End PBXProject section */

/* Begin PBXResourcesBuildPhase section */
		2FDBD35B2C5E32D300F14660 /* Resources */ = {
			isa = PBXResourcesBuildPhase;
			buildActionMask = 2147483647;
			files = (
			);
			runOnlyForDeploymentPostprocessing = 0;
		};
		2FF3A45D2C56B3C800A6095F /* Resources */ = {
			isa = PBXResourcesBuildPhase;
			buildActionMask = 2147483647;
			files = (
				2FF3A46A2C56B3C900A6095F /* Preview Assets.xcassets in Resources */,
				2FF3A4672C56B3C900A6095F /* Assets.xcassets in Resources */,
			);
			runOnlyForDeploymentPostprocessing = 0;
		};
/* End PBXResourcesBuildPhase section */

/* Begin PBXSourcesBuildPhase section */
		2FDBD3592C5E32D300F14660 /* Sources */ = {
			isa = PBXSourcesBuildPhase;
			buildActionMask = 2147483647;
			files = (
				2FDBD3602C5E32D300F14660 /* DebounceExampleTests.swift in Sources */,
			);
			runOnlyForDeploymentPostprocessing = 0;
		};
		2FF3A45B2C56B3C800A6095F /* Sources */ = {
			isa = PBXSourcesBuildPhase;
			buildActionMask = 2147483647;
			files = (
				2F352C832C57419F00BA5E94 /* DebounceExampleView.swift in Sources */,
				2FDEF4E32C5B473D000A18E9 /* Operator.swift in Sources */,
				2FF3A4632C56B3C800A6095F /* DebounceExampleApp.swift in Sources */,
			);
			runOnlyForDeploymentPostprocessing = 0;
		};
/* End PBXSourcesBuildPhase section */

/* Begin PBXTargetDependency section */
		2FDBD3622C5E32D300F14660 /* PBXTargetDependency */ = {
			isa = PBXTargetDependency;
			target = 2FF3A45E2C56B3C800A6095F /* DebounceExample */;
			targetProxy = 2FDBD3612C5E32D300F14660 /* PBXContainerItemProxy */;
		};
/* End PBXTargetDependency section */

/* Begin XCBuildConfiguration section */
		2FDBD3632C5E32D300F14660 /* Debug */ = {
			isa = XCBuildConfiguration;
			buildSettings = {
				BUNDLE_LOADER = "$(TEST_HOST)";
				CODE_SIGN_STYLE = Automatic;
				CURRENT_PROJECT_VERSION = 1;
				GENERATE_INFOPLIST_FILE = YES;
				MARKETING_VERSION = 1.0;
				PRODUCT_BUNDLE_IDENTIFIER = com.rokonuddin.DebounceExampleTests;
				PRODUCT_NAME = "$(TARGET_NAME)";
				SWIFT_EMIT_LOC_STRINGS = NO;
				SWIFT_VERSION = 5.0;
				TARGETED_DEVICE_FAMILY = "1,2";
				TEST_HOST = "$(BUILT_PRODUCTS_DIR)/DebounceExample.app/$(BUNDLE_EXECUTABLE_FOLDER_PATH)/DebounceExample";
			};
			name = Debug;
		};
		2FDBD3642C5E32D300F14660 /* Release */ = {
			isa = XCBuildConfiguration;
			buildSettings = {
				BUNDLE_LOADER = "$(TEST_HOST)";
				CODE_SIGN_STYLE = Automatic;
				CURRENT_PROJECT_VERSION = 1;
				GENERATE_INFOPLIST_FILE = YES;
				MARKETING_VERSION = 1.0;
				PRODUCT_BUNDLE_IDENTIFIER = com.rokonuddin.DebounceExampleTests;
				PRODUCT_NAME = "$(TARGET_NAME)";
				SWIFT_EMIT_LOC_STRINGS = NO;
				SWIFT_VERSION = 5.0;
				TARGETED_DEVICE_FAMILY = "1,2";
				TEST_HOST = "$(BUILT_PRODUCTS_DIR)/DebounceExample.app/$(BUNDLE_EXECUTABLE_FOLDER_PATH)/DebounceExample";
			};
			name = Release;
		};
		2FF3A46B2C56B3C900A6095F /* Debug */ = {
			isa = XCBuildConfiguration;
			buildSettings = {
				ALWAYS_SEARCH_USER_PATHS = NO;
				ASSETCATALOG_COMPILER_GENERATE_SWIFT_ASSET_SYMBOL_EXTENSIONS = YES;
				CLANG_ANALYZER_NONNULL = YES;
				CLANG_ANALYZER_NUMBER_OBJECT_CONVERSION = YES_AGGRESSIVE;
				CLANG_CXX_LANGUAGE_STANDARD = "gnu++20";
				CLANG_ENABLE_MODULES = YES;
				CLANG_ENABLE_OBJC_ARC = YES;
				CLANG_ENABLE_OBJC_WEAK = YES;
				CLANG_WARN_BLOCK_CAPTURE_AUTORELEASING = YES;
				CLANG_WARN_BOOL_CONVERSION = YES;
				CLANG_WARN_COMMA = YES;
				CLANG_WARN_CONSTANT_CONVERSION = YES;
				CLANG_WARN_DEPRECATED_OBJC_IMPLEMENTATIONS = YES;
				CLANG_WARN_DIRECT_OBJC_ISA_USAGE = YES_ERROR;
				CLANG_WARN_DOCUMENTATION_COMMENTS = YES;
				CLANG_WARN_EMPTY_BODY = YES;
				CLANG_WARN_ENUM_CONVERSION = YES;
				CLANG_WARN_INFINITE_RECURSION = YES;
				CLANG_WARN_INT_CONVERSION = YES;
				CLANG_WARN_NON_LITERAL_NULL_CONVERSION = YES;
				CLANG_WARN_OBJC_IMPLICIT_RETAIN_SELF = YES;
				CLANG_WARN_OBJC_LITERAL_CONVERSION = YES;
				CLANG_WARN_OBJC_ROOT_CLASS = YES_ERROR;
				CLANG_WARN_QUOTED_INCLUDE_IN_FRAMEWORK_HEADER = YES;
				CLANG_WARN_RANGE_LOOP_ANALYSIS = YES;
				CLANG_WARN_STRICT_PROTOTYPES = YES;
				CLANG_WARN_SUSPICIOUS_MOVE = YES;
				CLANG_WARN_UNGUARDED_AVAILABILITY = YES_AGGRESSIVE;
				CLANG_WARN_UNREACHABLE_CODE = YES;
				CLANG_WARN__DUPLICATE_METHOD_MATCH = YES;
				COPY_PHASE_STRIP = NO;
				DEBUG_INFORMATION_FORMAT = dwarf;
				ENABLE_STRICT_OBJC_MSGSEND = YES;
				ENABLE_TESTABILITY = YES;
				ENABLE_USER_SCRIPT_SANDBOXING = YES;
				GCC_C_LANGUAGE_STANDARD = gnu17;
				GCC_DYNAMIC_NO_PIC = NO;
				GCC_NO_COMMON_BLOCKS = YES;
				GCC_OPTIMIZATION_LEVEL = 0;
				GCC_PREPROCESSOR_DEFINITIONS = (
					"DEBUG=1",
					"$(inherited)",
				);
				GCC_WARN_64_TO_32_BIT_CONVERSION = YES;
				GCC_WARN_ABOUT_RETURN_TYPE = YES_ERROR;
				GCC_WARN_UNDECLARED_SELECTOR = YES;
				GCC_WARN_UNINITIALIZED_AUTOS = YES_AGGRESSIVE;
				GCC_WARN_UNUSED_FUNCTION = YES;
				GCC_WARN_UNUSED_VARIABLE = YES;
				IPHONEOS_DEPLOYMENT_TARGET = 17.5;
				LOCALIZATION_PREFERS_STRING_CATALOGS = YES;
				MTL_ENABLE_DEBUG_INFO = INCLUDE_SOURCE;
				MTL_FAST_MATH = YES;
				ONLY_ACTIVE_ARCH = YES;
				SDKROOT = iphoneos;
				SWIFT_ACTIVE_COMPILATION_CONDITIONS = "DEBUG $(inherited)";
				SWIFT_OPTIMIZATION_LEVEL = "-Onone";
			};
			name = Debug;
		};
		2FF3A46C2C56B3C900A6095F /* Release */ = {
			isa = XCBuildConfiguration;
			buildSettings = {
				ALWAYS_SEARCH_USER_PATHS = NO;
				ASSETCATALOG_COMPILER_GENERATE_SWIFT_ASSET_SYMBOL_EXTENSIONS = YES;
				CLANG_ANALYZER_NONNULL = YES;
				CLANG_ANALYZER_NUMBER_OBJECT_CONVERSION = YES_AGGRESSIVE;
				CLANG_CXX_LANGUAGE_STANDARD = "gnu++20";
				CLANG_ENABLE_MODULES = YES;
				CLANG_ENABLE_OBJC_ARC = YES;
				CLANG_ENABLE_OBJC_WEAK = YES;
				CLANG_WARN_BLOCK_CAPTURE_AUTORELEASING = YES;
				CLANG_WARN_BOOL_CONVERSION = YES;
				CLANG_WARN_COMMA = YES;
				CLANG_WARN_CONSTANT_CONVERSION = YES;
				CLANG_WARN_DEPRECATED_OBJC_IMPLEMENTATIONS = YES;
				CLANG_WARN_DIRECT_OBJC_ISA_USAGE = YES_ERROR;
				CLANG_WARN_DOCUMENTATION_COMMENTS = YES;
				CLANG_WARN_EMPTY_BODY = YES;
				CLANG_WARN_ENUM_CONVERSION = YES;
				CLANG_WARN_INFINITE_RECURSION = YES;
				CLANG_WARN_INT_CONVERSION = YES;
				CLANG_WARN_NON_LITERAL_NULL_CONVERSION = YES;
				CLANG_WARN_OBJC_IMPLICIT_RETAIN_SELF = YES;
				CLANG_WARN_OBJC_LITERAL_CONVERSION = YES;
				CLANG_WARN_OBJC_ROOT_CLASS = YES_ERROR;
				CLANG_WARN_QUOTED_INCLUDE_IN_FRAMEWORK_HEADER = YES;
				CLANG_WARN_RANGE_LOOP_ANALYSIS = YES;
				CLANG_WARN_STRICT_PROTOTYPES = YES;
				CLANG_WARN_SUSPICIOUS_MOVE = YES;
				CLANG_WARN_UNGUARDED_AVAILABILITY = YES_AGGRESSIVE;
				CLANG_WARN_UNREACHABLE_CODE = YES;
				CLANG_WARN__DUPLICATE_METHOD_MATCH = YES;
				COPY_PHASE_STRIP = NO;
				DEBUG_INFORMATION_FORMAT = "dwarf-with-dsym";
				ENABLE_NS_ASSERTIONS = NO;
				ENABLE_STRICT_OBJC_MSGSEND = YES;
				ENABLE_USER_SCRIPT_SANDBOXING = YES;
				GCC_C_LANGUAGE_STANDARD = gnu17;
				GCC_NO_COMMON_BLOCKS = YES;
				GCC_WARN_64_TO_32_BIT_CONVERSION = YES;
				GCC_WARN_ABOUT_RETURN_TYPE = YES_ERROR;
				GCC_WARN_UNDECLARED_SELECTOR = YES;
				GCC_WARN_UNINITIALIZED_AUTOS = YES_AGGRESSIVE;
				GCC_WARN_UNUSED_FUNCTION = YES;
				GCC_WARN_UNUSED_VARIABLE = YES;
				IPHONEOS_DEPLOYMENT_TARGET = 17.5;
				LOCALIZATION_PREFERS_STRING_CATALOGS = YES;
				MTL_ENABLE_DEBUG_INFO = NO;
				MTL_FAST_MATH = YES;
				SDKROOT = iphoneos;
				SWIFT_COMPILATION_MODE = wholemodule;
				VALIDATE_PRODUCT = YES;
			};
			name = Release;
		};
		2FF3A46E2C56B3C900A6095F /* Debug */ = {
			isa = XCBuildConfiguration;
			buildSettings = {
				ASSETCATALOG_COMPILER_APPICON_NAME = AppIcon;
				ASSETCATALOG_COMPILER_GLOBAL_ACCENT_COLOR_NAME = AccentColor;
				CODE_SIGN_STYLE = Automatic;
				CURRENT_PROJECT_VERSION = 1;
				DEVELOPMENT_ASSET_PATHS = "\"DebounceExample/Preview Content\"";
				ENABLE_PREVIEWS = YES;
				GENERATE_INFOPLIST_FILE = YES;
				INFOPLIST_KEY_UIApplicationSceneManifest_Generation = YES;
				INFOPLIST_KEY_UIApplicationSupportsIndirectInputEvents = YES;
				INFOPLIST_KEY_UILaunchScreen_Generation = YES;
				INFOPLIST_KEY_UISupportedInterfaceOrientations_iPad = "UIInterfaceOrientationPortrait UIInterfaceOrientationPortraitUpsideDown UIInterfaceOrientationLandscapeLeft UIInterfaceOrientationLandscapeRight";
				INFOPLIST_KEY_UISupportedInterfaceOrientations_iPhone = "UIInterfaceOrientationPortrait UIInterfaceOrientationLandscapeLeft UIInterfaceOrientationLandscapeRight";
				LD_RUNPATH_SEARCH_PATHS = (
					"$(inherited)",
					"@executable_path/Frameworks",
				);
				MARKETING_VERSION = 1.0;
				PRODUCT_BUNDLE_IDENTIFIER = com.rokonuddin.DebounceExample;
				PRODUCT_NAME = "$(TARGET_NAME)";
				SWIFT_EMIT_LOC_STRINGS = YES;
				SWIFT_VERSION = 5.0;
				TARGETED_DEVICE_FAMILY = "1,2";
			};
			name = Debug;
		};
		2FF3A46F2C56B3C900A6095F /* Release */ = {
			isa = XCBuildConfiguration;
			buildSettings = {
				ASSETCATALOG_COMPILER_APPICON_NAME = AppIcon;
				ASSETCATALOG_COMPILER_GLOBAL_ACCENT_COLOR_NAME = AccentColor;
				CODE_SIGN_STYLE = Automatic;
				CURRENT_PROJECT_VERSION = 1;
				DEVELOPMENT_ASSET_PATHS = "\"DebounceExample/Preview Content\"";
				ENABLE_PREVIEWS = YES;
				GENERATE_INFOPLIST_FILE = YES;
				INFOPLIST_KEY_UIApplicationSceneManifest_Generation = YES;
				INFOPLIST_KEY_UIApplicationSupportsIndirectInputEvents = YES;
				INFOPLIST_KEY_UILaunchScreen_Generation = YES;
				INFOPLIST_KEY_UISupportedInterfaceOrientations_iPad = "UIInterfaceOrientationPortrait UIInterfaceOrientationPortraitUpsideDown UIInterfaceOrientationLandscapeLeft UIInterfaceOrientationLandscapeRight";
				INFOPLIST_KEY_UISupportedInterfaceOrientations_iPhone = "UIInterfaceOrientationPortrait UIInterfaceOrientationLandscapeLeft UIInterfaceOrientationLandscapeRight";
				LD_RUNPATH_SEARCH_PATHS = (
					"$(inherited)",
					"@executable_path/Frameworks",
				);
				MARKETING_VERSION = 1.0;
				PRODUCT_BUNDLE_IDENTIFIER = com.rokonuddin.DebounceExample;
				PRODUCT_NAME = "$(TARGET_NAME)";
				SWIFT_EMIT_LOC_STRINGS = YES;
				SWIFT_VERSION = 5.0;
				TARGETED_DEVICE_FAMILY = "1,2";
			};
			name = Release;
		};
/* End XCBuildConfiguration section */

/* Begin XCConfigurationList section */
		2FDBD3652C5E32D300F14660 /* Build configuration list for PBXNativeTarget "DebounceExampleTests" */ = {
			isa = XCConfigurationList;
			buildConfigurations = (
				2FDBD3632C5E32D300F14660 /* Debug */,
				2FDBD3642C5E32D300F14660 /* Release */,
			);
			defaultConfigurationIsVisible = 0;
			defaultConfigurationName = Release;
		};
		2FF3A45A2C56B3C800A6095F /* Build configuration list for PBXProject "DebounceExample" */ = {
			isa = XCConfigurationList;
			buildConfigurations = (
				2FF3A46B2C56B3C900A6095F /* Debug */,
				2FF3A46C2C56B3C900A6095F /* Release */,
			);
			defaultConfigurationIsVisible = 0;
			defaultConfigurationName = Release;
		};
		2FF3A46D2C56B3C900A6095F /* Build configuration list for PBXNativeTarget "DebounceExample" */ = {
			isa = XCConfigurationList;
			buildConfigurations = (
				2FF3A46E2C56B3C900A6095F /* Debug */,
				2FF3A46F2C56B3C900A6095F /* Release */,
			);
			defaultConfigurationIsVisible = 0;
			defaultConfigurationName = Release;
		};
/* End XCConfigurationList section */
	};
	rootObject = 2FF3A4572C56B3C800A6095F /* Project object */;
}
